// !$*UTF8*$!
{
	archiveVersion = 1;
	classes = {
	};
	objectVersion = 46;
	objects = {

/* Begin PBXBuildFile section */
		4810F6DC1E9F72D900084B2A /* AppDelegate.swift in Sources */ = {isa = PBXBuildFile; fileRef = 4810F6DB1E9F72D900084B2A /* AppDelegate.swift */; };
		4810F6DE1E9F72D900084B2A /* ViewController.swift in Sources */ = {isa = PBXBuildFile; fileRef = 4810F6DD1E9F72D900084B2A /* ViewController.swift */; };
		4810F6E11E9F72D900084B2A /* Main.storyboard in Resources */ = {isa = PBXBuildFile; fileRef = 4810F6DF1E9F72D900084B2A /* Main.storyboard */; };
		4810F6E31E9F72D900084B2A /* Assets.xcassets in Resources */ = {isa = PBXBuildFile; fileRef = 4810F6E21E9F72D900084B2A /* Assets.xcassets */; };
		4810F6E61E9F72D900084B2A /* LaunchScreen.storyboard in Resources */ = {isa = PBXBuildFile; fileRef = 4810F6E41E9F72D900084B2A /* LaunchScreen.storyboard */; };
		4810F70E1E9F72F200084B2A /* a.plist in Resources */ = {isa = PBXBuildFile; fileRef = 4810F6F31E9F72F200084B2A /* a.plist */; };
		4810F7121E9F72F200084B2A /* b.plist in Resources */ = {isa = PBXBuildFile; fileRef = 4810F6F71E9F72F200084B2A /* b.plist */; };
		4810F7151E9F72F200084B2A /* c.plist in Resources */ = {isa = PBXBuildFile; fileRef = 4810F6FA1E9F72F200084B2A /* c.plist */; };
/* End PBXBuildFile section */

/* Begin PBXFileReference section */
		4810F6D81E9F72D900084B2A /* memissue.app */ = {isa = PBXFileReference; explicitFileType = wrapper.application; includeInIndex = 0; path = memissue.app; sourceTree = BUILT_PRODUCTS_DIR; };
		4810F6DB1E9F72D900084B2A /* AppDelegate.swift */ = {isa = PBXFileReference; lastKnownFileType = sourcecode.swift; path = AppDelegate.swift; sourceTree = "<group>"; };
		4810F6DD1E9F72D900084B2A /* ViewController.swift */ = {isa = PBXFileReference; lastKnownFileType = sourcecode.swift; path = ViewController.swift; sourceTree = "<group>"; };
		4810F6E01E9F72D900084B2A /* Base */ = {isa = PBXFileReference; lastKnownFileType = file.storyboard; name = Base; path = Base.lproj/Main.storyboard; sourceTree = "<group>"; };
		4810F6E21E9F72D900084B2A /* Assets.xcassets */ = {isa = PBXFileReference; lastKnownFileType = folder.assetcatalog; path = Assets.xcassets; sourceTree = "<group>"; };
		4810F6E51E9F72D900084B2A /* Base */ = {isa = PBXFileReference; lastKnownFileType = file.storyboard; name = Base; path = Base.lproj/LaunchScreen.storyboard; sourceTree = "<group>"; };
		4810F6E71E9F72D900084B2A /* Info.plist */ = {isa = PBXFileReference; lastKnownFileType = text.plist.xml; path = Info.plist; sourceTree = "<group>"; };
		4810F6F31E9F72F200084B2A /* a.plist */ = {isa = PBXFileReference; lastKnownFileType = file.bplist; path = a.plist; sourceTree = "<group>"; };
		4810F6F71E9F72F200084B2A /* b.plist */ = {isa = PBXFileReference; lastKnownFileType = file.bplist; path = b.plist; sourceTree = "<group>"; };
		4810F6FA1E9F72F200084B2A /* c.plist */ = {isa = PBXFileReference; lastKnownFileType = file.bplist; path = c.plist; sourceTree = "<group>"; };
/* End PBXFileReference section */

/* Begin PBXFrameworksBuildPhase section */
		4810F6D51E9F72D900084B2A /* Frameworks */ = {
			isa = PBXFrameworksBuildPhase;
			buildActionMask = 2147483647;
			files = (
			);
			runOnlyForDeploymentPostprocessing = 0;
		};
/* End PBXFrameworksBuildPhase section */

/* Begin PBXGroup section */
		4810F6CF1E9F72D900084B2A = {
			isa = PBXGroup;
			children = (
				4810F6DA1E9F72D900084B2A /* memissue */,
				4810F6D91E9F72D900084B2A /* Products */,
			);
			sourceTree = "<group>";
		};
		4810F6D91E9F72D900084B2A /* Products */ = {
			isa = PBXGroup;
			children = (
				4810F6D81E9F72D900084B2A /* memissue.app */,
			);
			name = Products;
			sourceTree = "<group>";
		};
		4810F6DA1E9F72D900084B2A /* memissue */ = {
			isa = PBXGroup;
			children = (
				4810F6ED1E9F72F200084B2A /* DummyData */,
				4810F6DB1E9F72D900084B2A /* AppDelegate.swift */,
				4810F6DD1E9F72D900084B2A /* ViewController.swift */,
				4810F6DF1E9F72D900084B2A /* Main.storyboard */,
				4810F6E21E9F72D900084B2A /* Assets.xcassets */,
				4810F6E41E9F72D900084B2A /* LaunchScreen.storyboard */,
				4810F6E71E9F72D900084B2A /* Info.plist */,
			);
			path = memissue;
			sourceTree = "<group>";
		};
		4810F6ED1E9F72F200084B2A /* DummyData */ = {
			isa = PBXGroup;
			children = (
				4810F6F31E9F72F200084B2A /* a.plist */,
				4810F6F71E9F72F200084B2A /* b.plist */,
				4810F6FA1E9F72F200084B2A /* c.plist */,
			);
			path = DummyData;
			sourceTree = "<group>";
		};
/* End PBXGroup section */

/* Begin PBXNativeTarget section */
		4810F6D71E9F72D900084B2A /* memissue */ = {
			isa = PBXNativeTarget;
			buildConfigurationList = 4810F6EA1E9F72D900084B2A /* Build configuration list for PBXNativeTarget "memissue" */;
			buildPhases = (
				4810F6D41E9F72D900084B2A /* Sources */,
				4810F6D51E9F72D900084B2A /* Frameworks */,
				4810F6D61E9F72D900084B2A /* Resources */,
			);
			buildRules = (
			);
			dependencies = (
			);
			name = memissue;
			productName = memissue;
			productReference = 4810F6D81E9F72D900084B2A /* memissue.app */;
			productType = "com.apple.product-type.application";
		};
/* End PBXNativeTarget section */

/* Begin PBXProject section */
		4810F6D01E9F72D900084B2A /* Project object */ = {
			isa = PBXProject;
			attributes = {
				LastSwiftUpdateCheck = 0830;
				LastUpgradeCheck = 0830;
				ORGANIZATIONNAME = "Jens Kufver";
				TargetAttributes = {
					4810F6D71E9F72D900084B2A = {
						CreatedOnToolsVersion = 8.3;
						DevelopmentTeam = 547XXJUF9V;
						ProvisioningStyle = Automatic;
					};
				};
			};
			buildConfigurationList = 4810F6D31E9F72D900084B2A /* Build configuration list for PBXProject "memissue" */;
			compatibilityVersion = "Xcode 3.2";
			developmentRegion = English;
			hasScannedForEncodings = 0;
			knownRegions = (
				en,
				Base,
			);
			mainGroup = 4810F6CF1E9F72D900084B2A;
			productRefGroup = 4810F6D91E9F72D900084B2A /* Products */;
			projectDirPath = "";
			projectRoot = "";
			targets = (
				4810F6D71E9F72D900084B2A /* memissue */,
			);
		};
/* End PBXProject section */

/* Begin PBXResourcesBuildPhase section */
		4810F6D61E9F72D900084B2A /* Resources */ = {
			isa = PBXResourcesBuildPhase;
			buildActionMask = 2147483647;
			files = (
				4810F6E61E9F72D900084B2A /* LaunchScreen.storyboard in Resources */,
				4810F6E31E9F72D900084B2A /* Assets.xcassets in Resources */,
				4810F7121E9F72F200084B2A /* b.plist in Resources */,
				4810F7151E9F72F200084B2A /* c.plist in Resources */,
				4810F6E11E9F72D900084B2A /* Main.storyboard in Resources */,
				4810F70E1E9F72F200084B2A /* a.plist in Resources */,
			);
			runOnlyForDeploymentPostprocessing = 0;
		};
/* End PBXResourcesBuildPhase section */

/* Begin PBXSourcesBuildPhase section */
		4810F6D41E9F72D900084B2A /* Sources */ = {
			isa = PBXSourcesBuildPhase;
			buildActionMask = 2147483647;
			files = (
				4810F6DE1E9F72D900084B2A /* ViewController.swift in Sources */,
				4810F6DC1E9F72D900084B2A /* AppDelegate.swift in Sources */,
			);
			runOnlyForDeploymentPostprocessing = 0;
		};
/* End PBXSourcesBuildPhase section */

/* Begin PBXVariantGroup section */
		4810F6DF1E9F72D900084B2A /* Main.storyboard */ = {
			isa = PBXVariantGroup;
			children = (
				4810F6E01E9F72D900084B2A /* Base */,
			);
			name = Main.storyboard;
			sourceTree = "<group>";
		};
		4810F6E41E9F72D900084B2A /* LaunchScreen.storyboard */ = {
			isa = PBXVariantGroup;
			children = (
				4810F6E51E9F72D900084B2A /* Base */,
			);
			name = LaunchScreen.storyboard;
			sourceTree = "<group>";
		};
/* End PBXVariantGroup section */

/* Begin XCBuildConfiguration section */
		4810F6E81E9F72D900084B2A /* Debug */ = {
			isa = XCBuildConfiguration;
			buildSettings = {
				ALWAYS_SEARCH_USER_PATHS = NO;
				CLANG_ANALYZER_NONNULL = YES;
				CLANG_ANALYZER_NUMBER_OBJECT_CONVERSION = YES_AGGRESSIVE;
				CLANG_CXX_LANGUAGE_STANDARD = "gnu++0x";
				CLANG_CXX_LIBRARY = "libc++";
				CLANG_ENABLE_MODULES = YES;
				CLANG_ENABLE_OBJC_ARC = YES;
				CLANG_WARN_BOOL_CONVERSION = YES;
				CLANG_WARN_CONSTANT_CONVERSION = YES;
				CLANG_WARN_DIRECT_OBJC_ISA_USAGE = YES_ERROR;
				CLANG_WARN_DOCUMENTATION_COMMENTS = YES;
				CLANG_WARN_EMPTY_BODY = YES;
				CLANG_WARN_ENUM_CONVERSION = YES;
				CLANG_WARN_INFINITE_RECURSION = YES;
				CLANG_WARN_INT_CONVERSION = YES;
				CLANG_WARN_OBJC_ROOT_CLASS = YES_ERROR;
				CLANG_WARN_SUSPICIOUS_MOVE = YES;
				CLANG_WARN_UNREACHABLE_CODE = YES;
				CLANG_WARN__DUPLICATE_METHOD_MATCH = YES;
				"CODE_SIGN_IDENTITY[sdk=iphoneos*]" = "iPhone Developer";
				COPY_PHASE_STRIP = NO;
				DEBUG_INFORMATION_FORMAT = dwarf;
				ENABLE_STRICT_OBJC_MSGSEND = YES;
				ENABLE_TESTABILITY = YES;
				GCC_C_LANGUAGE_STANDARD = gnu99;
				GCC_DYNAMIC_NO_PIC = NO;
				GCC_NO_COMMON_BLOCKS = YES;
				GCC_OPTIMIZATION_LEVEL = 0;
				GCC_PREPROCESSOR_DEFINITIONS = (
					"DEBUG=1",
					"$(inherited)",
				);
				GCC_WARN_64_TO_32_BIT_CONVERSION = YES;
				GCC_WARN_ABOUT_RETURN_TYPE = YES_ERROR;
				GCC_WARN_UNDECLARED_SELECTOR = YES;
				GCC_WARN_UNINITIALIZED_AUTOS = YES_AGGRESSIVE;
				GCC_WARN_UNUSED_FUNCTION = YES;
				GCC_WARN_UNUSED_VARIABLE = YES;
				IPHONEOS_DEPLOYMENT_TARGET = 10.3;
				MTL_ENABLE_DEBUG_INFO = YES;
				ONLY_ACTIVE_ARCH = YES;
				SDKROOT = iphoneos;
				SWIFT_ACTIVE_COMPILATION_CONDITIONS = DEBUG;
				SWIFT_OPTIMIZATION_LEVEL = "-Onone";
				TARGETED_DEVICE_FAMILY = 2;
			};
			name = Debug;
		};
		4810F6E91E9F72D900084B2A /* Release */ = {
			isa = XCBuildConfiguration;
			buildSettings = {
				ALWAYS_SEARCH_USER_PATHS = NO;
				CLANG_ANALYZER_NONNULL = YES;
				CLANG_ANALYZER_NUMBER_OBJECT_CONVERSION = YES_AGGRESSIVE;
				CLANG_CXX_LANGUAGE_STANDARD = "gnu++0x";
				CLANG_CXX_LIBRARY = "libc++";
				CLANG_ENABLE_MODULES = YES;
				CLANG_ENABLE_OBJC_ARC = YES;
				CLANG_WARN_BOOL_CONVERSION = YES;
				CLANG_WARN_CONSTANT_CONVERSION = YES;
				CLANG_WARN_DIRECT_OBJC_ISA_USAGE = YES_ERROR;
				CLANG_WARN_DOCUMENTATION_COMMENTS = YES;
				CLANG_WARN_EMPTY_BODY = YES;
				CLANG_WARN_ENUM_CONVERSION = YES;
				CLANG_WARN_INFINITE_RECURSION = YES;
				CLANG_WARN_INT_CONVERSION = YES;
				CLANG_WARN_OBJC_ROOT_CLASS = YES_ERROR;
				CLANG_WARN_SUSPICIOUS_MOVE = YES;
				CLANG_WARN_UNREACHABLE_CODE = YES;
				CLANG_WARN__DUPLICATE_METHOD_MATCH = YES;
				"CODE_SIGN_IDENTITY[sdk=iphoneos*]" = "iPhone Developer";
				COPY_PHASE_STRIP = NO;
				DEBUG_INFORMATION_FORMAT = "dwarf-with-dsym";
				ENABLE_NS_ASSERTIONS = NO;
				ENABLE_STRICT_OBJC_MSGSEND = YES;
				GCC_C_LANGUAGE_STANDARD = gnu99;
				GCC_NO_COMMON_BLOCKS = YES;
				GCC_WARN_64_TO_32_BIT_CONVERSION = YES;
				GCC_WARN_ABOUT_RETURN_TYPE = YES_ERROR;
				GCC_WARN_UNDECLARED_SELECTOR = YES;
				GCC_WARN_UNINITIALIZED_AUTOS = YES_AGGRESSIVE;
				GCC_WARN_UNUSED_FUNCTION = YES;
				GCC_WARN_UNUSED_VARIABLE = YES;
				IPHONEOS_DEPLOYMENT_TARGET = 10.3;
				MTL_ENABLE_DEBUG_INFO = NO;
				SDKROOT = iphoneos;
				SWIFT_OPTIMIZATION_LEVEL = "-Owholemodule";
				TARGETED_DEVICE_FAMILY = 2;
				VALIDATE_PRODUCT = YES;
			};
			name = Release;
		};
		4810F6EB1E9F72D900084B2A /* Debug */ = {
			isa = XCBuildConfiguration;
			buildSettings = {
				ASSETCATALOG_COMPILER_APPICON_NAME = AppIcon;
				DEVELOPMENT_TEAM = 547XXJUF9V;
				INFOPLIST_FILE = memissue/Info.plist;
				LD_RUNPATH_SEARCH_PATHS = "$(inherited) @executable_path/Frameworks";
				PRODUCT_BUNDLE_IDENTIFIER = se.kufver.memissue;
				PRODUCT_NAME = "$(TARGET_NAME)";
				SWIFT_VERSION = 3.0;
			};
			name = Debug;
		};
		4810F6EC1E9F72D900084B2A /* Release */ = {
			isa = XCBuildConfiguration;
			buildSettings = {
				ASSETCATALOG_COMPILER_APPICON_NAME = AppIcon;
				DEVELOPMENT_TEAM = 547XXJUF9V;
				INFOPLIST_FILE = memissue/Info.plist;
				LD_RUNPATH_SEARCH_PATHS = "$(inherited) @executable_path/Frameworks";
				PRODUCT_BUNDLE_IDENTIFIER = se.kufver.memissue;
				PRODUCT_NAME = "$(TARGET_NAME)";
				SWIFT_VERSION = 3.0;
			};
			name = Release;
		};
/* End XCBuildConfiguration section */

/* Begin XCConfigurationList section */
		4810F6D31E9F72D900084B2A /* Build configuration list for PBXProject "memissue" */ = {
			isa = XCConfigurationList;
			buildConfigurations = (
				4810F6E81E9F72D900084B2A /* Debug */,
				4810F6E91E9F72D900084B2A /* Release */,
			);
			defaultConfigurationIsVisible = 0;
			defaultConfigurationName = Release;
		};
		4810F6EA1E9F72D900084B2A /* Build configuration list for PBXNativeTarget "memissue" */ = {
			isa = XCConfigurationList;
			buildConfigurations = (
				4810F6EB1E9F72D900084B2A /* Debug */,
				4810F6EC1E9F72D900084B2A /* Release */,
			);
			defaultConfigurationIsVisible = 0;
			defaultConfigurationName = Release;
		};
/* End XCConfigurationList section */
	};
	rootObject = 4810F6D01E9F72D900084B2A /* Project object */;
}
